
Microsoft Visual Studio Solution File, Format Version 12.00
# Visual Studio Version 17
VisualStudioVersion = 17.2.32602.215
MinimumVisualStudioVersion = 10.0.40219.1
Project("{FAE04EC0-301F-11D3-BF4B-00C04F79EFBC}") = "WpfKogitoDmn.App", "WpfKogitoDmn.App\WpfKogitoDmn.App.csproj", "{8273624E-1C95-47F1-91CA-F9E5792A8D86}"
EndProject
Global
	GlobalSection(SolutionConfigurationPlatforms) = preSolution
		Debug|Any CPU = Debug|Any CPU
		Release|Any CPU = Release|Any CPU
	EndGlobalSection
	GlobalSection(ProjectConfigurationPlatforms) = postSolution
		{8273624E-1C95-47F1-91CA-F9E5792A8D86}.Debug|Any CPU.ActiveCfg = Debug|Any CPU
		{8273624E-1C95-47F1-91CA-F9E5792A8D86}.Debug|Any CPU.Build.0 = Debug|Any CPU
		{8273624E-1C95-47F1-91CA-F9E5792A8D86}.Release|Any CPU.ActiveCfg = Release|Any CPU
		{8273624E-1C95-47F1-91CA-F9E5792A8D86}.Release|Any CPU.Build.0 = Release|Any CPU
	EndGlobalSection
	GlobalSection(SolutionProperties) = preSolution
		HideSolutionNode = FALSE
	EndGlobalSection
	GlobalSection(ExtensibilityGlobals) = postSolution
		SolutionGuid = {9EF50A39-E54F-4AA9-9687-A1A143C0A0FE}
	EndGlobalSection
EndGlobal
